
Microsoft Visual Studio Solution File, Format Version 12.00
Project("{FAE04EC0-301F-11D3-BF4B-00C04F79EFBC}") = "NetDataSL", "NetDataSL\NetDataSL.csproj", "{8ED9FEF6-4FA9-4E6C-9E49-B76C0FC22707}"
EndProject
Global
	GlobalSection(SolutionConfigurationPlatforms) = preSolution
		Debug|Any CPU = Debug|Any CPU
		Release|Any CPU = Release|Any CPU
	EndGlobalSection
	GlobalSection(ProjectConfigurationPlatforms) = postSolution
		{8ED9FEF6-4FA9-4E6C-9E49-B76C0FC22707}.Release|Any CPU.ActiveCfg = Release|Any CPU
		{8ED9FEF6-4FA9-4E6C-9E49-B76C0FC22707}.Release|Any CPU.Build.0 = Release|Any CPU
		{8ED9FEF6-4FA9-4E6C-9E49-B76C0FC22707}.Debug|Any CPU.ActiveCfg = Release Windows|Any CPU
		{8ED9FEF6-4FA9-4E6C-9E49-B76C0FC22707}.Debug|Any CPU.Build.0 = Release Windows|Any CPU
	EndGlobalSection
EndGlobal
